PODS:
  - FBSnapshotTestCase (2.1.4):
    - FBSnapshotTestCase/SwiftSupport (= 2.1.4)
  - FBSnapshotTestCase/Core (2.1.4)
  - FBSnapshotTestCase/SwiftSupport (2.1.4):
    - FBSnapshotTestCase/Core
  - Kiwi (2.4.0)
  - Skybox (0.1.1)

DEPENDENCIES:
  - FBSnapshotTestCase
  - Kiwi
  - Skybox (from `../`)

EXTERNAL SOURCES:
  Skybox:
    :path: ../

SPEC CHECKSUMS:
  FBSnapshotTestCase: 094f9f314decbabe373b87cc339bea235a63e07a
  Kiwi: f49c9d54b28917df5928fe44968a39ed198cb8a8
  Skybox: 4cd311d58b313c0c1849305275dd5551d0c0c1a6

PODFILE CHECKSUM: 9c05719ebd4843cc6a041fb3c391a6cacba84276

COCOAPODS: 1.3.1
